
Microsoft Visual Studio Solution File, Format Version 12.00
# Visual Studio 14
VisualStudioVersion = 14.0.25420.1
MinimumVisualStudioVersion = 10.0.40219.1
Project("{FAE04EC0-301F-11D3-BF4B-00C04F79EFBC}") = "SlZmqWeb", "SlZmqWeb\SlZmqWeb.csproj", "{77C2C69C-FE29-4141-829C-255250DE7418}"
EndProject
Project("{FAE04EC0-301F-11D3-BF4B-00C04F79EFBC}") = "SlProj", "SlProj\SlProj.csproj", "{46561F46-99E3-4D26-B701-F114CF42D924}"
EndProject
Project("{FAE04EC0-301F-11D3-BF4B-00C04F79EFBC}") = "ZmqConsoleClient", "ZmqConsoleClient\ZmqConsoleClient.csproj", "{A8B30FAD-5811-43F1-B402-B29BBAA04112}"
EndProject
Project("{FAE04EC0-301F-11D3-BF4B-00C04F79EFBC}") = "Common", "Common\Common.csproj", "{453FA385-AF98-4500-97E2-4C14CDBDB0BF}"
EndProject
Global
	GlobalSection(SolutionConfigurationPlatforms) = preSolution
		Debug|Any CPU = Debug|Any CPU
		Release|Any CPU = Release|Any CPU
	EndGlobalSection
	GlobalSection(ProjectConfigurationPlatforms) = postSolution
		{77C2C69C-FE29-4141-829C-255250DE7418}.Debug|Any CPU.ActiveCfg = Debug|Any CPU
		{77C2C69C-FE29-4141-829C-255250DE7418}.Debug|Any CPU.Build.0 = Debug|Any CPU
		{77C2C69C-FE29-4141-829C-255250DE7418}.Release|Any CPU.ActiveCfg = Release|Any CPU
		{77C2C69C-FE29-4141-829C-255250DE7418}.Release|Any CPU.Build.0 = Release|Any CPU
		{46561F46-99E3-4D26-B701-F114CF42D924}.Debug|Any CPU.ActiveCfg = Debug|Any CPU
		{46561F46-99E3-4D26-B701-F114CF42D924}.Debug|Any CPU.Build.0 = Debug|Any CPU
		{46561F46-99E3-4D26-B701-F114CF42D924}.Release|Any CPU.ActiveCfg = Release|Any CPU
		{46561F46-99E3-4D26-B701-F114CF42D924}.Release|Any CPU.Build.0 = Release|Any CPU
		{A8B30FAD-5811-43F1-B402-B29BBAA04112}.Debug|Any CPU.ActiveCfg = Debug|Any CPU
		{A8B30FAD-5811-43F1-B402-B29BBAA04112}.Debug|Any CPU.Build.0 = Debug|Any CPU
		{A8B30FAD-5811-43F1-B402-B29BBAA04112}.Release|Any CPU.ActiveCfg = Release|Any CPU
		{A8B30FAD-5811-43F1-B402-B29BBAA04112}.Release|Any CPU.Build.0 = Release|Any CPU
		{453FA385-AF98-4500-97E2-4C14CDBDB0BF}.Debug|Any CPU.ActiveCfg = Debug|Any CPU
		{453FA385-AF98-4500-97E2-4C14CDBDB0BF}.Debug|Any CPU.Build.0 = Debug|Any CPU
		{453FA385-AF98-4500-97E2-4C14CDBDB0BF}.Release|Any CPU.ActiveCfg = Release|Any CPU
		{453FA385-AF98-4500-97E2-4C14CDBDB0BF}.Release|Any CPU.Build.0 = Release|Any CPU
	EndGlobalSection
	GlobalSection(SolutionProperties) = preSolution
		HideSolutionNode = FALSE
	EndGlobalSection
EndGlobal
